# This file was autogenerated by Stack.
# You should not edit this file by hand.
# For more information, please see the documentation at:
#   https://docs.haskellstack.org/en/stable/lock_files

packages:
- completed:
    hackage: servant-multipart-0.10.0.1@sha256:e3a46258122b664f04022c483726c7cf7ad1b9ed184c6c6d988ac009c84820d2,1703
    pantry-tree:
      size: 281
      sha256: cedbda4d49c071a121415542ce875e8b9ba5857dd2ed572f0c462f1d5ead5a80
  original:
    hackage: servant-multipart-0.10.0.1
- completed:
    hackage: servant-options-0.1.0.0@sha256:39f50166a68006250e79370372f553ca476f14d06d93fa0c401050253aeba803,914
    pantry-tree:
      size: 293
      sha256: 7812baf1b27c62068ba634207fbd7077b886424d666b36739a78c6d4008a1fd4
  original:
    hackage: servant-options-0.1.0.0
- completed:
    hackage: system-command-0.0.10@sha256:6aa90067dfea9886769ad981eef8b9d909b43ed0d4915052cbc77028a7ebb5f3,1894
    pantry-tree:
      size: 347
      sha256: 3602cfd63b2c696c9216f7749720105172b5fb5b85eafdeaadb7f2deb220a459
  original:
    hackage: system-command-0.0.10
snapshots:
- completed:
    size: 536352
    url: https://raw.githubusercontent.com/commercialhaskell/stackage-snapshots/master/lts/9/14.yaml
    sha256: 9e880f85f76b7f35a2b6edd1af333ce7f7845d47e897c3509ddd18eaa2763779
  original: lts-9.14
